<?xml version="1.0" encoding="utf-8"?>
<Project ToolsVersion="4.0" xmlns="http://schemas.microsoft.com/developer/msbuild/2003">
  <ItemGroup>
    <Filter Include="Source Files">
      <UniqueIdentifier>{4FC737F1-C7A5-4376-A066-2A32D752A2FF}</UniqueIdentifier>
      <Extensions>cpp;c;cc;cxx;def;odl;idl;hpj;bat;asm;asmx</Extensions>
    </Filter>
    <Filter Include="Header Files">
      <UniqueIdentifier>{93995380-89BD-4b04-88EB-625FBE52EBFB}</UniqueIdentifier>
      <Extensions>h;hpp;hxx;hm;inl;inc;xsd</Extensions>
    </Filter>
    <Filter Include="Resource Files">
      <UniqueIdentifier>{67DA6AB6-F800-4c08-8B7A-83BB121AAD01}</UniqueIdentifier>
      <Extensions>rc;ico;cur;bmp;dlg;rc2;rct;bin;rgs;gif;jpg;jpeg;jpe;resx;tiff;tif;png;wav;mfcribbon-ms</Extensions>
    </Filter>
  </ItemGroup>
  <ItemGroup>
    <ClInclude Include="..\boost_arctype.h">
      <Filter>Header Files</Filter>
    </ClInclude>
    <ClInclude Include="..\file_struct.h">
      <Filter>Header Files</Filter>
    </ClInclude>
    <ClInclude Include="..\..\daemon.h">
      <Filter>Header Files</Filter>
    </ClInclude>
    <ClInclude Include="..\..\daemon_error.h">
      <Filter>Header Files</Filter>
    </ClInclude>
    <ClInclude Include="..\..\partition.h">
      <Filter>Header Files</Filter>
    </ClInclude>
    <ClInclude Include="..\..\serialization.h">
      <Filter>Header Files</Filter>
    </ClInclude>
    <ClInclude Include="..\..\special_path.h">
      <Filter>Header Files</Filter>
    </ClInclude>
    <ClInclude Include="..\..\tracing.h">
      <Filter>Header Files</Filter>
    </ClInclude>
    <ClInclude Include="..\..\version.h">
      <Filter>Header Files</Filter>
    </ClInclude>
    <ClInclude Include="..\..\..\pal\int_type.h">
      <Filter>Header Files</Filter>
    </ClInclude>
    <ClInclude Include="..\..\..\pal\path.h">
      <Filter>Header Files</Filter>
    </ClInclude>
    <ClInclude Include="..\..\..\pal\path.hpp">
      <Filter>Header Files</Filter>
    </ClInclude>
    <ClInclude Include="..\..\..\pal\PlatformSpec.h">
      <Filter>Header Files</Filter>
    </ClInclude>
    <ClInclude Include="..\..\..\pal\stdtype.h">
      <Filter>Header Files</Filter>
    </ClInclude>
    <ClInclude Include="..\..\..\pal\unicode.h">
      <Filter>Header Files</Filter>
    </ClInclude>
    <ClInclude Include="..\..\..\pal\unistr.h">
      <Filter>Header Files</Filter>
    </ClInclude>
    <ClInclude Include="..\journal.h">
      <Filter>Header Files</Filter>
    </ClInclude>
    <ClInclude Include="..\opened.h">
      <Filter>Header Files</Filter>
    </ClInclude>
  </ItemGroup>
  <ItemGroup>
    <ClCompile Include="..\main.cc">
      <Filter>Source Files</Filter>
    </ClCompile>
    <ClCompile Include="..\special_path.cc">
      <Filter>Source Files</Filter>
    </ClCompile>
    <ClCompile Include="..\..\daemon.cc">
      <Filter>Source Files</Filter>
    </ClCompile>
    <ClCompile Include="..\..\tracing.cc">
      <Filter>Source Files</Filter>
    </ClCompile>
    <ClCompile Include="..\..\..\pal\pathc_win.c">
      <Filter>Source Files</Filter>
    </ClCompile>
    <ClCompile Include="..\..\..\pal\pathxx.cpp">
      <Filter>Source Files</Filter>
    </ClCompile>
    <ClCompile Include="..\..\..\pal\pathxx_win.cpp">
      <Filter>Source Files</Filter>
    </ClCompile>
    <ClCompile Include="..\..\..\pal\unistr.cpp">
      <Filter>Source Files</Filter>
    </ClCompile>
    <ClCompile Include="..\tracing_win32.cc">
      <Filter>Source Files</Filter>
    </ClCompile>
    <ClCompile Include="..\..\partition.cc">
      <Filter>Source Files</Filter>
    </ClCompile>
    <ClCompile Include="..\partition_win32.cc">
      <Filter>Source Files</Filter>
    </ClCompile>
    <ClCompile Include="..\opened.cc">
      <Filter>Source Files</Filter>
    </ClCompile>
  </ItemGroup>
</Project>