
Microsoft Visual Studio Solution File, Format Version 11.00
# Visual C++ Express 2010
Project("{8BC9CEB8-8B4A-11D0-8D11-00A0C91BC942}") = "gui", "gui\gui.vcxproj", "{14AD0A75-DBCA-39BD-9686-47DFC54F2C2E}"
EndProject
Project("{8BC9CEB8-8B4A-11D0-8D11-00A0C91BC942}") = "testKernels", "testcases\kernel\testkernel.vcxproj", "{F9108EC1-A238-368C-A77D-51CA09F4E8FA}"
EndProject
Project("{8BC9CEB8-8B4A-11D0-8D11-00A0C91BC942}") = "shell", "util\shell\shell.vcxproj", "{3942318F-34B5-4F2F-875E-3C70D5B1FB50}"
EndProject
Project("{8BC9CEB8-8B4A-11D0-8D11-00A0C91BC942}") = "kernel", "kernel\kernel.vcxproj", "{0C07F9E8-E381-4C28-A344-2C6B13A6E484}"
EndProject
Global
	GlobalSection(SolutionConfigurationPlatforms) = preSolution
		Debug|Win32 = Debug|Win32
		Release|Win32 = Release|Win32
	EndGlobalSection
	GlobalSection(ProjectConfigurationPlatforms) = postSolution
		{14AD0A75-DBCA-39BD-9686-47DFC54F2C2E}.Debug|Win32.ActiveCfg = Debug|Win32
		{14AD0A75-DBCA-39BD-9686-47DFC54F2C2E}.Debug|Win32.Build.0 = Debug|Win32
		{14AD0A75-DBCA-39BD-9686-47DFC54F2C2E}.Release|Win32.ActiveCfg = Release|Win32
		{14AD0A75-DBCA-39BD-9686-47DFC54F2C2E}.Release|Win32.Build.0 = Release|Win32
		{F9108EC1-A238-368C-A77D-51CA09F4E8FA}.Debug|Win32.ActiveCfg = Debug|Win32
		{F9108EC1-A238-368C-A77D-51CA09F4E8FA}.Debug|Win32.Build.0 = Debug|Win32
		{F9108EC1-A238-368C-A77D-51CA09F4E8FA}.Release|Win32.ActiveCfg = Release|Win32
		{F9108EC1-A238-368C-A77D-51CA09F4E8FA}.Release|Win32.Build.0 = Release|Win32
		{3942318F-34B5-4F2F-875E-3C70D5B1FB50}.Debug|Win32.ActiveCfg = Debug|Win32
		{3942318F-34B5-4F2F-875E-3C70D5B1FB50}.Debug|Win32.Build.0 = Debug|Win32
		{3942318F-34B5-4F2F-875E-3C70D5B1FB50}.Release|Win32.ActiveCfg = Release|Win32
		{3942318F-34B5-4F2F-875E-3C70D5B1FB50}.Release|Win32.Build.0 = Release|Win32
		{0C07F9E8-E381-4C28-A344-2C6B13A6E484}.Debug|Win32.ActiveCfg = Debug|Win32
		{0C07F9E8-E381-4C28-A344-2C6B13A6E484}.Debug|Win32.Build.0 = Debug|Win32
		{0C07F9E8-E381-4C28-A344-2C6B13A6E484}.Release|Win32.ActiveCfg = Release|Win32
		{0C07F9E8-E381-4C28-A344-2C6B13A6E484}.Release|Win32.Build.0 = Release|Win32
	EndGlobalSection
	GlobalSection(SolutionProperties) = preSolution
		HideSolutionNode = FALSE
	EndGlobalSection
EndGlobal
